
Microsoft Visual Studio Solution File, Format Version 12.00
# Visual Studio 15
VisualStudioVersion = 15.0.28307.779
MinimumVisualStudioVersion = 10.0.40219.1
Project("{FAE04EC0-301F-11D3-BF4B-00C04F79EFBC}") = "WebAPI", "WebAPI\WebAPI.csproj", "{30EA990D-75EE-4DEC-8342-766B4B19A548}"
EndProject
Global
	GlobalSection(SolutionConfigurationPlatforms) = preSolution
		Debug|Any CPU = Debug|Any CPU
		Release|Any CPU = Release|Any CPU
	EndGlobalSection
	GlobalSection(ProjectConfigurationPlatforms) = postSolution
		{30EA990D-75EE-4DEC-8342-766B4B19A548}.Debug|Any CPU.ActiveCfg = Debug|Any CPU
		{30EA990D-75EE-4DEC-8342-766B4B19A548}.Debug|Any CPU.Build.0 = Debug|Any CPU
		{30EA990D-75EE-4DEC-8342-766B4B19A548}.Release|Any CPU.ActiveCfg = Release|Any CPU
		{30EA990D-75EE-4DEC-8342-766B4B19A548}.Release|Any CPU.Build.0 = Release|Any CPU
	EndGlobalSection
	GlobalSection(SolutionProperties) = preSolution
		HideSolutionNode = FALSE
	EndGlobalSection
	GlobalSection(ExtensibilityGlobals) = postSolution
		SolutionGuid = {F96B8C85-CAC8-4FCD-B4CA-39C7052DC2B4}
	EndGlobalSection
EndGlobal
